
Microsoft Visual Studio Solution File, Format Version 12.00
# Visual Studio 15
VisualStudioVersion = 15.0.28307.168
MinimumVisualStudioVersion = 10.0.40219.1
Project("{FAE04EC0-301F-11D3-BF4B-00C04F79EFBC}") = "ultimo", "ultimo\ultimo.csproj", "{C36D5B6E-15DB-41FF-B9E1-DA84A126B8C1}"
EndProject
Global
	GlobalSection(SolutionConfigurationPlatforms) = preSolution
		Debug|Any CPU = Debug|Any CPU
		Release|Any CPU = Release|Any CPU
	EndGlobalSection
	GlobalSection(ProjectConfigurationPlatforms) = postSolution
		{C36D5B6E-15DB-41FF-B9E1-DA84A126B8C1}.Debug|Any CPU.ActiveCfg = Debug|Any CPU
		{C36D5B6E-15DB-41FF-B9E1-DA84A126B8C1}.Debug|Any CPU.Build.0 = Debug|Any CPU
		{C36D5B6E-15DB-41FF-B9E1-DA84A126B8C1}.Release|Any CPU.ActiveCfg = Release|Any CPU
		{C36D5B6E-15DB-41FF-B9E1-DA84A126B8C1}.Release|Any CPU.Build.0 = Release|Any CPU
	EndGlobalSection
	GlobalSection(SolutionProperties) = preSolution
		HideSolutionNode = FALSE
	EndGlobalSection
	GlobalSection(ExtensibilityGlobals) = postSolution
		SolutionGuid = {A047598A-FF83-43DD-8956-E49E29DDDC07}
	EndGlobalSection
EndGlobal
